github.com/adrg/xdg v0.4.0 h1:RzRqFcjH4nE5C6oTAxhBtoE2IRyjBSa62SCbyPidvls=
github.com/adrg/xdg v0.4.0/go.mod h1:N6ag73EX4wyxeaoeHctc1mas01KZgsj5tYiAIwqJE/E=
github.com/amitybell/piper v0.0.0-20240130090909-b170e42b1e09 h1:Y+7vHB4bSM9JvzI+7pIoAVXvo887KsCingDidNDTYbw=
github.com/amitybell/piper v0.0.0-20240130090909-b170e42b1e09/go.mod h1:y0aDZdCM3erPmpX+rDGoF0O2ZdCqZvAxNjYUPrK/O7U=
github.com/amitybell/piper-asset v0.0.0-20231030194325-d36a29e3b1fd h1:4MLHn2cCVhzhPLlPO6946h1S0yk3o7Ry1831DEa5EcE=
github.com/amitybell/piper-asset v0.0.0-20231030194325-d36a29e3b1fd/go.mod h1:MiDKnt4NenfcrsVxYAxQW0nu4zjFYQPjGzzLB5MvOz8=
github.com/amitybell/piper-bin-linux v0.0.0-20231118093037-92b3de178ad8 h1:ZZoEErHc7pMWVXe6sRr3FZud8lU9G3kbF2IhHB2647o=
github.com/amitybell/piper-bin-linux v0.0.0-20231118093037-92b3de178ad8/go.mod h1:dVR33O0l/AFgQNmZfywfgNZ6qlpCKPhLnn9UpeMMLdM=
github.com/amitybell/piper-bin-windows v0.0.0-20231118093113-cc2cef2f6b74 h1:T5hXX0Z2JaE5gtZ7LScjG0r0BmDk0+FWlzyZ2b1nboo=
github.com/amitybell/piper-bin-windows v0.0.0-20231118093113-cc2cef2f6b74/go.mod h1:5Ea0Pc0QdO8FeriIXcqZtHViM2fi589jtFubrjaAk6w=
github.com/amitybell/piper-voice-alan v0.0.0-20231030195550-66f4709c979b h1:KchM8+MkAg9fBbi7OXoDwCSjrRNDQfjnbfG0o0rt9Ic=
github.com/amitybell/piper-voice-alan v0.0.0-20231030195550-66f4709c979b/go.mod h1:5ghO6mSctWNXfDoh3r46HQEMIcPr5DqE5TMYfp5hskY=
github.com/amitybell/piper-voice-jenny v0.0.0-20231118093224-dcf0d49e46b7 h1:GMYJcgP1OKBMBuQfP7r0aRk4PS0AaviHVTERtdt/e/o=
github.com/amitybell/piper-voice-jenny v0.0.0-20231118093224-dcf0d49e46b7/go.mod h1:eKG2Bo69QGTVKKKKApafZr+4v4zk40jYNijh0s8/PzU=
github.com/davecgh/go-spew v1.1.0/go.mod h1:J7Y8YcW2NihsgmVo/mv3lAwl/skON4iLHjSsI+c5H38=
github.com/klauspost/compress v1.17.3 h1:qkRjuerhUU1EmXLYGkSH6EZL+vPSxIrYjLNAK4slzwA=
github.com/klauspost/compress v1.17.3/go.mod h1:/dCuZOvVtNoHsyb+cuJD3itjs3NbnF6KH9zAO4BDxPM=
github.com/pmezard/go-difflib v1.0.0/go.mod h1:iKH77koFhYxTK1pcRnkKkqfTogsbg7gZNVY4sRDYZ/4=
github.com/stretchr/objx v0.1.0/go.mod h1:HFkY916IF+rwdDfMAkV7OtwuqBVzrE8GR6GFx+wExME=
github.com/stretchr/testify v1.7.0/go.mod h1:6Fq8oRcR53rry900zMqJjRRixrwX3KX962/h/Wwjteg=
golang.org/x/sys v0.0.0-20211025201205-69cdffdb9359/go.mod h1:oPkhp1MJrh7nUepCBck5+mAzfO9JrbApNNgaTdGDITg=
golang.org/x/sys v0.14.0 h1:Vz7Qs629MkJkGyHxUlRHizWJRG2j8fbQKjELVSNhy7Q=
golang.org/x/sys v0.14.0/go.mod h1:/VUhepiaJMQUp4+oa/7Zr1D23ma6VTLIYjOOTFZPUcA=
gopkg.in/check.v1 v0.0.0-20161208181325-20d25e280405/go.mod h1:Co6ibVJAznAaIkqp8huTwlJQCZ016jof/cbN4VW5Yz0=
gopkg.in/yaml.v3 v3.0.0-20200313102051-9f266ea9e77c/go.mod h1:K4uyk7z7BCEPqu6E+C64Yfv1cQ7kz7rIZviUmN+EgEM=
